{
  "name": "antigravity-starter-ja",
  "version": "1.1.0",
  "lockfileVersion": 2,
  "requires": true,
  "packages": {
    "": {
      "name": "antigravity-starter-ja",
      "version": "1.1.0",
      "license": "ISC",
      "dependencies": {
        "knowledge-cutoff-awareness": "github:imkohenauser/knowledge-cutoff-awareness"
      }
    },
    "node_modules/knowledge-cutoff-awareness": {
      "version": "1.2.0",
      "resolved": "git+ssh://git@github.com/imkohenauser/knowledge-cutoff-awareness.git#459d91d3f496f0a6b0979eed58766469bc750506",
      "license": "MIT",
      "bin": {
        "knowledge-cutoff-awareness-install": "cli/install.js"
      },
      "engines": {
        "node": ">=14.0.0"
      }
    }
  },
  "dependencies": {
    "knowledge-cutoff-awareness": {
      "version": "git+ssh://git@github.com/imkohenauser/knowledge-cutoff-awareness.git#459d91d3f496f0a6b0979eed58766469bc750506",
      "from": "knowledge-cutoff-awareness@github:imkohenauser/knowledge-cutoff-awareness"
    }
  }
}
